{
  "version": 4,
  "terraform_version": "1.9.7",
  "serial": 4,
  "lineage": "fe87e3a7-c5f4-4b75-3eb4-043374cd2c40",
  "outputs": {},
  "resources": [
    {
      "mode": "managed",
      "type": "aws_key_pair",
      "name": "key",
      "provider": "provider[\"registry.terraform.io/hashicorp/aws\"]",
      "instances": [
        {
          "schema_version": 1,
          "attributes": {
            "arn": "arn:aws:ec2:us-east-1:593793065271:key-pair/deployer-key",
            "fingerprint": "fd:05:d9:b1:66:6c:2f:89:c2:50:58:06:8e:7c:2f:8c",
            "id": "deployer-key",
            "key_name": "deployer-key",
            "key_name_prefix": "",
            "key_pair_id": "key-058d32b3dddc3fe4b",
            "key_type": "rsa",
            "public_key": "ssh-rsa AAAAB3NzaC1yc2EAAAADAQABAAACAQDGB0JohPkCxqV7ig177FK0HF1q6S3jv6n0hFLUIvleOdCd+8CZZwTph03li+YkMnND4mE1hvdo8ZxfsaLOwJXn2sAIc4T4dWPieFd3TfGQSHc9jZ87a71Y8QEn9ekmZgS6zPyMMMVt4RifI02kIJpM2HyWS08/AAK6S1QvM83zmVWfMm8BE09RIqkOAVB+r2Hvbh7dr1qQ0yhzUxzeAHR50ut18GVZLy+mAFVlsxN4s1So1Rv9Ppm6Ki2HD2SG5lz4mX/+zR+4ytu2OsHsoZlL1I6VIl6ZXeYvlSZig9SM9t2Ou0sldq0LC+s7rfyqmyiVxI23hYtWi9yOFCurphUJe0UhObICn7R5g1zzuv37b64MBH0Ah2uMb/rH4S7p1dA7hQfQ55WsqvrwclmgNuk4hvX/Yx2Xdw+7HLgvk0NrZt6YYxRkJCtQpHvKBwnG1pSx/+vuAYnPAqRKs8c9WFlrepgBEVBcWtz1xoYUBCWIUOx8SRs4x87MrVxQU4DiDJeA/P9rTI4cHQszMRlN5Y1Jf4brKIJ6TximoyD/3h+eqJJeA9OZn+6+y98Ye/AtylPA4N4t7qYy3nERgaEF5tfiNaAV45eSz86Drni4o/znUhoP4zGnHGiGPYUfBvhDjVfKnICUSqbtFnTjGGT8m9dnY6kAROHhUHAxYVi9PtDiwQ== abdowagieh@gmail.com",
            "tags": null,
            "tags_all": {}
          },
          "sensitive_attributes": [],
          "private": "eyJzY2hlbWFfdmVyc2lvbiI6IjEifQ=="
        }
      ]
    },
    {
      "mode": "managed",
      "type": "aws_security_group",
      "name": "allow_ssh_http",
      "provider": "provider[\"registry.terraform.io/hashicorp/aws\"]",
      "instances": [
        {
          "schema_version": 1,
          "attributes": {
            "arn": "arn:aws:ec2:us-east-1:593793065271:security-group/sg-0b01b29312159a5b5",
            "description": "Managed by Terraform",
            "egress": [
              {
                "cidr_blocks": [
                  "0.0.0.0/0"
                ],
                "description": "",
                "from_port": 0,
                "ipv6_cidr_blocks": [],
                "prefix_list_ids": [],
                "protocol": "-1",
                "security_groups": [],
                "self": false,
                "to_port": 0
              }
            ],
            "id": "sg-0b01b29312159a5b5",
            "ingress": [
              {
                "cidr_blocks": [
                  "0.0.0.0/0"
                ],
                "description": "",
                "from_port": 22,
                "ipv6_cidr_blocks": [],
                "prefix_list_ids": [],
                "protocol": "tcp",
                "security_groups": [],
                "self": false,
                "to_port": 22
              },
              {
                "cidr_blocks": [
                  "0.0.0.0/0"
                ],
                "description": "",
                "from_port": 80,
                "ipv6_cidr_blocks": [],
                "prefix_list_ids": [],
                "protocol": "tcp",
                "security_groups": [],
                "self": false,
                "to_port": 80
              }
            ],
            "name": "allow_ssh_http",
            "name_prefix": "",
            "owner_id": "593793065271",
            "revoke_rules_on_delete": false,
            "tags": null,
            "tags_all": {},
            "timeouts": null,
            "vpc_id": "vpc-0ef2a1347cb3100a5"
          },
          "sensitive_attributes": [],
          "private": "eyJlMmJmYjczMC1lY2FhLTExZTYtOGY4OC0zNDM2M2JjN2M0YzAiOnsiY3JlYXRlIjo2MDAwMDAwMDAwMDAsImRlbGV0ZSI6OTAwMDAwMDAwMDAwfSwic2NoZW1hX3ZlcnNpb24iOiIxIn0="
        }
      ]
    }
  ],
  "check_results": null
}
